
Microsoft Visual Studio Solution File, Format Version 12.00
# Visual Studio 15
VisualStudioVersion = 15.0.28307.1267
MinimumVisualStudioVersion = 10.0.40219.1
Project("{8BC9CEB8-8B4A-11D0-8D11-00A0C91BC942}") = "585. El reto del reloj programable", "585. El reto del reloj programable.vcxproj", "{C6AEF104-C42A-4BA8-9134-1C6A51CBE9D3}"
EndProject
Global
	GlobalSection(SolutionConfigurationPlatforms) = preSolution
		Debug|x64 = Debug|x64
		Debug|x86 = Debug|x86
		Release|x64 = Release|x64
		Release|x86 = Release|x86
	EndGlobalSection
	GlobalSection(ProjectConfigurationPlatforms) = postSolution
		{C6AEF104-C42A-4BA8-9134-1C6A51CBE9D3}.Debug|x64.ActiveCfg = Debug|x64
		{C6AEF104-C42A-4BA8-9134-1C6A51CBE9D3}.Debug|x64.Build.0 = Debug|x64
		{C6AEF104-C42A-4BA8-9134-1C6A51CBE9D3}.Debug|x86.ActiveCfg = Debug|Win32
		{C6AEF104-C42A-4BA8-9134-1C6A51CBE9D3}.Debug|x86.Build.0 = Debug|Win32
		{C6AEF104-C42A-4BA8-9134-1C6A51CBE9D3}.Release|x64.ActiveCfg = Release|x64
		{C6AEF104-C42A-4BA8-9134-1C6A51CBE9D3}.Release|x64.Build.0 = Release|x64
		{C6AEF104-C42A-4BA8-9134-1C6A51CBE9D3}.Release|x86.ActiveCfg = Release|Win32
		{C6AEF104-C42A-4BA8-9134-1C6A51CBE9D3}.Release|x86.Build.0 = Release|Win32
	EndGlobalSection
	GlobalSection(SolutionProperties) = preSolution
		HideSolutionNode = FALSE
	EndGlobalSection
	GlobalSection(ExtensibilityGlobals) = postSolution
		SolutionGuid = {D980A2E1-6BD5-4AEB-A4BC-D57D7D1A12D6}
	EndGlobalSection
EndGlobal
